
Microsoft Visual Studio Solution File, Format Version 11.00
# Visual Studio 2010
Project("{FAE04EC0-301F-11D3-BF4B-00C04F79EFBC}") = "ConfigWagoRtp", "Config_PLC_SIEMENS\ConfigWagoRtp.csproj", "{8194356C-870B-4ADD-8436-6698C4EB48A6}"
EndProject
Project("{FAE04EC0-301F-11D3-BF4B-00C04F79EFBC}") = "testActiveX", "testActiveX\testActiveX.csproj", "{EEAC099F-95D2-4DB6-8487-1D5D5546B659}"
EndProject
Project("{FAE04EC0-301F-11D3-BF4B-00C04F79EFBC}") = "GenericClasses", "GenericClasses\GenericClasses.csproj", "{3CF2199A-E959-46E0-9A9C-38B866F6B63C}"
EndProject
Project("{2150E333-8FDC-42A3-9474-1A3956D46DE8}") = "Solution Items", "Solution Items", "{015C9935-E0B7-4B87-AA9E-B8B23C4D42CB}"
	ProjectSection(SolutionItems) = preProject
		Performance1.psess = Performance1.psess
		Performance2.psess = Performance2.psess
	EndProjectSection
EndProject
Project("{F088123C-0E9E-452A-89E6-6BA2F21D5CAC}") = "RtpModeling", "ModelingProject2\RtpModeling.modelproj", "{974A4895-950A-4FCE-A13F-1EE096774AD1}"
EndProject
Project("{C8D11400-126E-41CD-887F-60BD40844F9E}") = "RtpConfig", "RtpConfig\RtpConfig.dbproj", "{67CBC824-A49E-4E9B-A947-360F3DFE65C3}"
EndProject
Global
	GlobalSection(TestCaseManagementSettings) = postSolution
		CategoryFile = Config_PLC_SIEMENS.vsmdi
	EndGlobalSection
	GlobalSection(SolutionConfigurationPlatforms) = preSolution
		Debug|Any CPU = Debug|Any CPU
		Debug|Mixed Platforms = Debug|Mixed Platforms
		Debug|x86 = Debug|x86
		Release|Any CPU = Release|Any CPU
		Release|Mixed Platforms = Release|Mixed Platforms
		Release|x86 = Release|x86
	EndGlobalSection
	GlobalSection(ProjectConfigurationPlatforms) = postSolution
		{8194356C-870B-4ADD-8436-6698C4EB48A6}.Debug|Any CPU.ActiveCfg = Debug|Any CPU
		{8194356C-870B-4ADD-8436-6698C4EB48A6}.Debug|Any CPU.Build.0 = Debug|Any CPU
		{8194356C-870B-4ADD-8436-6698C4EB48A6}.Debug|Mixed Platforms.ActiveCfg = Debug|Any CPU
		{8194356C-870B-4ADD-8436-6698C4EB48A6}.Debug|Mixed Platforms.Build.0 = Debug|Any CPU
		{8194356C-870B-4ADD-8436-6698C4EB48A6}.Debug|x86.ActiveCfg = Debug|Any CPU
		{8194356C-870B-4ADD-8436-6698C4EB48A6}.Release|Any CPU.ActiveCfg = Release|Any CPU
		{8194356C-870B-4ADD-8436-6698C4EB48A6}.Release|Any CPU.Build.0 = Release|Any CPU
		{8194356C-870B-4ADD-8436-6698C4EB48A6}.Release|Mixed Platforms.ActiveCfg = Release|Any CPU
		{8194356C-870B-4ADD-8436-6698C4EB48A6}.Release|Mixed Platforms.Build.0 = Release|Any CPU
		{8194356C-870B-4ADD-8436-6698C4EB48A6}.Release|x86.ActiveCfg = Release|Any CPU
		{EEAC099F-95D2-4DB6-8487-1D5D5546B659}.Debug|Any CPU.ActiveCfg = Debug|x86
		{EEAC099F-95D2-4DB6-8487-1D5D5546B659}.Debug|Mixed Platforms.ActiveCfg = Debug|x86
		{EEAC099F-95D2-4DB6-8487-1D5D5546B659}.Debug|Mixed Platforms.Build.0 = Debug|x86
		{EEAC099F-95D2-4DB6-8487-1D5D5546B659}.Debug|x86.ActiveCfg = Debug|x86
		{EEAC099F-95D2-4DB6-8487-1D5D5546B659}.Debug|x86.Build.0 = Debug|x86
		{EEAC099F-95D2-4DB6-8487-1D5D5546B659}.Release|Any CPU.ActiveCfg = Release|x86
		{EEAC099F-95D2-4DB6-8487-1D5D5546B659}.Release|Mixed Platforms.ActiveCfg = Release|x86
		{EEAC099F-95D2-4DB6-8487-1D5D5546B659}.Release|Mixed Platforms.Build.0 = Release|x86
		{EEAC099F-95D2-4DB6-8487-1D5D5546B659}.Release|x86.ActiveCfg = Release|x86
		{EEAC099F-95D2-4DB6-8487-1D5D5546B659}.Release|x86.Build.0 = Release|x86
		{3CF2199A-E959-46E0-9A9C-38B866F6B63C}.Debug|Any CPU.ActiveCfg = Debug|Any CPU
		{3CF2199A-E959-46E0-9A9C-38B866F6B63C}.Debug|Any CPU.Build.0 = Debug|Any CPU
		{3CF2199A-E959-46E0-9A9C-38B866F6B63C}.Debug|Mixed Platforms.ActiveCfg = Debug|Any CPU
		{3CF2199A-E959-46E0-9A9C-38B866F6B63C}.Debug|Mixed Platforms.Build.0 = Debug|Any CPU
		{3CF2199A-E959-46E0-9A9C-38B866F6B63C}.Debug|x86.ActiveCfg = Debug|Any CPU
		{3CF2199A-E959-46E0-9A9C-38B866F6B63C}.Release|Any CPU.ActiveCfg = Release|Any CPU
		{3CF2199A-E959-46E0-9A9C-38B866F6B63C}.Release|Any CPU.Build.0 = Release|Any CPU
		{3CF2199A-E959-46E0-9A9C-38B866F6B63C}.Release|Mixed Platforms.ActiveCfg = Release|Any CPU
		{3CF2199A-E959-46E0-9A9C-38B866F6B63C}.Release|Mixed Platforms.Build.0 = Release|Any CPU
		{3CF2199A-E959-46E0-9A9C-38B866F6B63C}.Release|x86.ActiveCfg = Release|Any CPU
		{974A4895-950A-4FCE-A13F-1EE096774AD1}.Debug|Any CPU.ActiveCfg = Debug|Any CPU
		{974A4895-950A-4FCE-A13F-1EE096774AD1}.Debug|Any CPU.Build.0 = Debug|Any CPU
		{974A4895-950A-4FCE-A13F-1EE096774AD1}.Debug|Mixed Platforms.ActiveCfg = Debug|Any CPU
		{974A4895-950A-4FCE-A13F-1EE096774AD1}.Debug|Mixed Platforms.Build.0 = Debug|Any CPU
		{974A4895-950A-4FCE-A13F-1EE096774AD1}.Debug|x86.ActiveCfg = Debug|Any CPU
		{974A4895-950A-4FCE-A13F-1EE096774AD1}.Release|Any CPU.ActiveCfg = Release|Any CPU
		{974A4895-950A-4FCE-A13F-1EE096774AD1}.Release|Any CPU.Build.0 = Release|Any CPU
		{974A4895-950A-4FCE-A13F-1EE096774AD1}.Release|Mixed Platforms.ActiveCfg = Release|Any CPU
		{974A4895-950A-4FCE-A13F-1EE096774AD1}.Release|Mixed Platforms.Build.0 = Release|Any CPU
		{974A4895-950A-4FCE-A13F-1EE096774AD1}.Release|x86.ActiveCfg = Release|Any CPU
		{67CBC824-A49E-4E9B-A947-360F3DFE65C3}.Debug|Any CPU.ActiveCfg = Debug|Any CPU
		{67CBC824-A49E-4E9B-A947-360F3DFE65C3}.Debug|Any CPU.Build.0 = Debug|Any CPU
		{67CBC824-A49E-4E9B-A947-360F3DFE65C3}.Debug|Any CPU.Deploy.0 = Debug|Any CPU
		{67CBC824-A49E-4E9B-A947-360F3DFE65C3}.Debug|Mixed Platforms.ActiveCfg = Debug|Any CPU
		{67CBC824-A49E-4E9B-A947-360F3DFE65C3}.Debug|Mixed Platforms.Build.0 = Debug|Any CPU
		{67CBC824-A49E-4E9B-A947-360F3DFE65C3}.Debug|Mixed Platforms.Deploy.0 = Debug|Any CPU
		{67CBC824-A49E-4E9B-A947-360F3DFE65C3}.Debug|x86.ActiveCfg = Debug|Any CPU
		{67CBC824-A49E-4E9B-A947-360F3DFE65C3}.Release|Any CPU.ActiveCfg = Release|Any CPU
		{67CBC824-A49E-4E9B-A947-360F3DFE65C3}.Release|Any CPU.Build.0 = Release|Any CPU
		{67CBC824-A49E-4E9B-A947-360F3DFE65C3}.Release|Any CPU.Deploy.0 = Release|Any CPU
		{67CBC824-A49E-4E9B-A947-360F3DFE65C3}.Release|Mixed Platforms.ActiveCfg = Release|Any CPU
		{67CBC824-A49E-4E9B-A947-360F3DFE65C3}.Release|Mixed Platforms.Build.0 = Release|Any CPU
		{67CBC824-A49E-4E9B-A947-360F3DFE65C3}.Release|Mixed Platforms.Deploy.0 = Release|Any CPU
		{67CBC824-A49E-4E9B-A947-360F3DFE65C3}.Release|x86.ActiveCfg = Release|Any CPU
	EndGlobalSection
	GlobalSection(SolutionProperties) = preSolution
		HideSolutionNode = FALSE
	EndGlobalSection
EndGlobal
